// !$*UTF8*$!
{
	archiveVersion = 1;
	classes = {
	};
	objectVersion = 46;
	objects = {

/* Begin PBXBuildFile section */
		ACF291891DE5718C00D234DC /* AppDelegate.swift in Sources */ = {isa = PBXBuildFile; fileRef = ACF291881DE5718C00D234DC /* AppDelegate.swift */; };
		ACF2918B1DE5718C00D234DC /* ViewController.swift in Sources */ = {isa = PBXBuildFile; fileRef = ACF2918A1DE5718C00D234DC /* ViewController.swift */; };
		ACF2918E1DE5718C00D234DC /* Main.storyboard in Resources */ = {isa = PBXBuildFile; fileRef = ACF2918C1DE5718C00D234DC /* Main.storyboard */; };
		ACF291901DE5718C00D234DC /* Assets.xcassets in Resources */ = {isa = PBXBuildFile; fileRef = ACF2918F1DE5718C00D234DC /* Assets.xcassets */; };
		ACF291931DE5718C00D234DC /* LaunchScreen.storyboard in Resources */ = {isa = PBXBuildFile; fileRef = ACF291911DE5718C00D234DC /* LaunchScreen.storyboard */; };
		ACF2919E1DE5718D00D234DC /* SecondKadaiAppTests.swift in Sources */ = {isa = PBXBuildFile; fileRef = ACF2919D1DE5718D00D234DC /* SecondKadaiAppTests.swift */; };
		ACF291A91DE5718D00D234DC /* SecondKadaiAppUITests.swift in Sources */ = {isa = PBXBuildFile; fileRef = ACF291A81DE5718D00D234DC /* SecondKadaiAppUITests.swift */; };
/* End PBXBuildFile section */

/* Begin PBXContainerItemProxy section */
		ACF2919A1DE5718D00D234DC /* PBXContainerItemProxy */ = {
			isa = PBXContainerItemProxy;
			containerPortal = ACF2917D1DE5718C00D234DC /* Project object */;
			proxyType = 1;
			remoteGlobalIDString = ACF291841DE5718C00D234DC;
			remoteInfo = SecondKadaiApp;
		};
		ACF291A51DE5718D00D234DC /* PBXContainerItemProxy */ = {
			isa = PBXContainerItemProxy;
			containerPortal = ACF2917D1DE5718C00D234DC /* Project object */;
			proxyType = 1;
			remoteGlobalIDString = ACF291841DE5718C00D234DC;
			remoteInfo = SecondKadaiApp;
		};
/* End PBXContainerItemProxy section */

/* Begin PBXFileReference section */
		ACF291851DE5718C00D234DC /* SecondKadaiApp.app */ = {isa = PBXFileReference; explicitFileType = wrapper.application; includeInIndex = 0; path = SecondKadaiApp.app; sourceTree = BUILT_PRODUCTS_DIR; };
		ACF291881DE5718C00D234DC /* AppDelegate.swift */ = {isa = PBXFileReference; lastKnownFileType = sourcecode.swift; path = AppDelegate.swift; sourceTree = "<group>"; };
		ACF2918A1DE5718C00D234DC /* ViewController.swift */ = {isa = PBXFileReference; lastKnownFileType = sourcecode.swift; path = ViewController.swift; sourceTree = "<group>"; };
		ACF2918D1DE5718C00D234DC /* Base */ = {isa = PBXFileReference; lastKnownFileType = file.storyboard; name = Base; path = Base.lproj/Main.storyboard; sourceTree = "<group>"; };
		ACF2918F1DE5718C00D234DC /* Assets.xcassets */ = {isa = PBXFileReference; lastKnownFileType = folder.assetcatalog; path = Assets.xcassets; sourceTree = "<group>"; };
		ACF291921DE5718C00D234DC /* Base */ = {isa = PBXFileReference; lastKnownFileType = file.storyboard; name = Base; path = Base.lproj/LaunchScreen.storyboard; sourceTree = "<group>"; };
		ACF291941DE5718C00D234DC /* Info.plist */ = {isa = PBXFileReference; lastKnownFileType = text.plist.xml; path = Info.plist; sourceTree = "<group>"; };
		ACF291991DE5718D00D234DC /* SecondKadaiAppTests.xctest */ = {isa = PBXFileReference; explicitFileType = wrapper.cfbundle; includeInIndex = 0; path = SecondKadaiAppTests.xctest; sourceTree = BUILT_PRODUCTS_DIR; };
		ACF2919D1DE5718D00D234DC /* SecondKadaiAppTests.swift */ = {isa = PBXFileReference; lastKnownFileType = sourcecode.swift; path = SecondKadaiAppTests.swift; sourceTree = "<group>"; };
		ACF2919F1DE5718D00D234DC /* Info.plist */ = {isa = PBXFileReference; lastKnownFileType = text.plist.xml; path = Info.plist; sourceTree = "<group>"; };
		ACF291A41DE5718D00D234DC /* SecondKadaiAppUITests.xctest */ = {isa = PBXFileReference; explicitFileType = wrapper.cfbundle; includeInIndex = 0; path = SecondKadaiAppUITests.xctest; sourceTree = BUILT_PRODUCTS_DIR; };
		ACF291A81DE5718D00D234DC /* SecondKadaiAppUITests.swift */ = {isa = PBXFileReference; lastKnownFileType = sourcecode.swift; path = SecondKadaiAppUITests.swift; sourceTree = "<group>"; };
		ACF291AA1DE5718D00D234DC /* Info.plist */ = {isa = PBXFileReference; lastKnownFileType = text.plist.xml; path = Info.plist; sourceTree = "<group>"; };
/* End PBXFileReference section */

/* Begin PBXFrameworksBuildPhase section */
		ACF291821DE5718C00D234DC /* Frameworks */ = {
			isa = PBXFrameworksBuildPhase;
			buildActionMask = 2147483647;
			files = (
			);
			runOnlyForDeploymentPostprocessing = 0;
		};
		ACF291961DE5718D00D234DC /* Frameworks */ = {
			isa = PBXFrameworksBuildPhase;
			buildActionMask = 2147483647;
			files = (
			);
			runOnlyForDeploymentPostprocessing = 0;
		};
		ACF291A11DE5718D00D234DC /* Frameworks */ = {
			isa = PBXFrameworksBuildPhase;
			buildActionMask = 2147483647;
			files = (
			);
			runOnlyForDeploymentPostprocessing = 0;
		};
/* End PBXFrameworksBuildPhase section */

/* Begin PBXGroup section */
		ACF2917C1DE5718C00D234DC = {
			isa = PBXGroup;
			children = (
				ACF291871DE5718C00D234DC /* SecondKadaiApp */,
				ACF2919C1DE5718D00D234DC /* SecondKadaiAppTests */,
				ACF291A71DE5718D00D234DC /* SecondKadaiAppUITests */,
				ACF291861DE5718C00D234DC /* Products */,
			);
			sourceTree = "<group>";
		};
		ACF291861DE5718C00D234DC /* Products */ = {
			isa = PBXGroup;
			children = (
				ACF291851DE5718C00D234DC /* SecondKadaiApp.app */,
				ACF291991DE5718D00D234DC /* SecondKadaiAppTests.xctest */,
				ACF291A41DE5718D00D234DC /* SecondKadaiAppUITests.xctest */,
			);
			name = Products;
			sourceTree = "<group>";
		};
		ACF291871DE5718C00D234DC /* SecondKadaiApp */ = {
			isa = PBXGroup;
			children = (
				ACF291881DE5718C00D234DC /* AppDelegate.swift */,
				ACF2918A1DE5718C00D234DC /* ViewController.swift */,
				ACF2918C1DE5718C00D234DC /* Main.storyboard */,
				ACF2918F1DE5718C00D234DC /* Assets.xcassets */,
				ACF291911DE5718C00D234DC /* LaunchScreen.storyboard */,
				ACF291941DE5718C00D234DC /* Info.plist */,
			);
			path = SecondKadaiApp;
			sourceTree = "<group>";
		};
		ACF2919C1DE5718D00D234DC /* SecondKadaiAppTests */ = {
			isa = PBXGroup;
			children = (
				ACF2919D1DE5718D00D234DC /* SecondKadaiAppTests.swift */,
				ACF2919F1DE5718D00D234DC /* Info.plist */,
			);
			path = SecondKadaiAppTests;
			sourceTree = "<group>";
		};
		ACF291A71DE5718D00D234DC /* SecondKadaiAppUITests */ = {
			isa = PBXGroup;
			children = (
				ACF291A81DE5718D00D234DC /* SecondKadaiAppUITests.swift */,
				ACF291AA1DE5718D00D234DC /* Info.plist */,
			);
			path = SecondKadaiAppUITests;
			sourceTree = "<group>";
		};
/* End PBXGroup section */

/* Begin PBXNativeTarget section */
		ACF291841DE5718C00D234DC /* SecondKadaiApp */ = {
			isa = PBXNativeTarget;
			buildConfigurationList = ACF291AD1DE5718D00D234DC /* Build configuration list for PBXNativeTarget "SecondKadaiApp" */;
			buildPhases = (
				ACF291811DE5718C00D234DC /* Sources */,
				ACF291821DE5718C00D234DC /* Frameworks */,
				ACF291831DE5718C00D234DC /* Resources */,
			);
			buildRules = (
			);
			dependencies = (
			);
			name = SecondKadaiApp;
			productName = SecondKadaiApp;
			productReference = ACF291851DE5718C00D234DC /* SecondKadaiApp.app */;
			productType = "com.apple.product-type.application";
		};
		ACF291981DE5718D00D234DC /* SecondKadaiAppTests */ = {
			isa = PBXNativeTarget;
			buildConfigurationList = ACF291B01DE5718D00D234DC /* Build configuration list for PBXNativeTarget "SecondKadaiAppTests" */;
			buildPhases = (
				ACF291951DE5718D00D234DC /* Sources */,
				ACF291961DE5718D00D234DC /* Frameworks */,
				ACF291971DE5718D00D234DC /* Resources */,
			);
			buildRules = (
			);
			dependencies = (
				ACF2919B1DE5718D00D234DC /* PBXTargetDependency */,
			);
			name = SecondKadaiAppTests;
			productName = SecondKadaiAppTests;
			productReference = ACF291991DE5718D00D234DC /* SecondKadaiAppTests.xctest */;
			productType = "com.apple.product-type.bundle.unit-test";
		};
		ACF291A31DE5718D00D234DC /* SecondKadaiAppUITests */ = {
			isa = PBXNativeTarget;
			buildConfigurationList = ACF291B31DE5718D00D234DC /* Build configuration list for PBXNativeTarget "SecondKadaiAppUITests" */;
			buildPhases = (
				ACF291A01DE5718D00D234DC /* Sources */,
				ACF291A11DE5718D00D234DC /* Frameworks */,
				ACF291A21DE5718D00D234DC /* Resources */,
			);
			buildRules = (
			);
			dependencies = (
				ACF291A61DE5718D00D234DC /* PBXTargetDependency */,
			);
			name = SecondKadaiAppUITests;
			productName = SecondKadaiAppUITests;
			productReference = ACF291A41DE5718D00D234DC /* SecondKadaiAppUITests.xctest */;
			productType = "com.apple.product-type.bundle.ui-testing";
		};
/* End PBXNativeTarget section */

/* Begin PBXProject section */
		ACF2917D1DE5718C00D234DC /* Project object */ = {
			isa = PBXProject;
			attributes = {
				LastSwiftUpdateCheck = 0800;
				LastUpgradeCheck = 0800;
				ORGANIZATIONNAME = "小尾真太郎";
				TargetAttributes = {
					ACF291841DE5718C00D234DC = {
						CreatedOnToolsVersion = 8.0;
						ProvisioningStyle = Automatic;
					};
					ACF291981DE5718D00D234DC = {
						CreatedOnToolsVersion = 8.0;
						ProvisioningStyle = Automatic;
						TestTargetID = ACF291841DE5718C00D234DC;
					};
					ACF291A31DE5718D00D234DC = {
						CreatedOnToolsVersion = 8.0;
						ProvisioningStyle = Automatic;
						TestTargetID = ACF291841DE5718C00D234DC;
					};
				};
			};
			buildConfigurationList = ACF291801DE5718C00D234DC /* Build configuration list for PBXProject "SecondKadaiApp" */;
			compatibilityVersion = "Xcode 3.2";
			developmentRegion = English;
			hasScannedForEncodings = 0;
			knownRegions = (
				en,
				Base,
			);
			mainGroup = ACF2917C1DE5718C00D234DC;
			productRefGroup = ACF291861DE5718C00D234DC /* Products */;
			projectDirPath = "";
			projectRoot = "";
			targets = (
				ACF291841DE5718C00D234DC /* SecondKadaiApp */,
				ACF291981DE5718D00D234DC /* SecondKadaiAppTests */,
				ACF291A31DE5718D00D234DC /* SecondKadaiAppUITests */,
			);
		};
/* End PBXProject section */

/* Begin PBXResourcesBuildPhase section */
		ACF291831DE5718C00D234DC /* Resources */ = {
			isa = PBXResourcesBuildPhase;
			buildActionMask = 2147483647;
			files = (
				ACF291931DE5718C00D234DC /* LaunchScreen.storyboard in Resources */,
				ACF291901DE5718C00D234DC /* Assets.xcassets in Resources */,
				ACF2918E1DE5718C00D234DC /* Main.storyboard in Resources */,
			);
			runOnlyForDeploymentPostprocessing = 0;
		};
		ACF291971DE5718D00D234DC /* Resources */ = {
			isa = PBXResourcesBuildPhase;
			buildActionMask = 2147483647;
			files = (
			);
			runOnlyForDeploymentPostprocessing = 0;
		};
		ACF291A21DE5718D00D234DC /* Resources */ = {
			isa = PBXResourcesBuildPhase;
			buildActionMask = 2147483647;
			files = (
			);
			runOnlyForDeploymentPostprocessing = 0;
		};
/* End PBXResourcesBuildPhase section */

/* Begin PBXSourcesBuildPhase section */
		ACF291811DE5718C00D234DC /* Sources */ = {
			isa = PBXSourcesBuildPhase;
			buildActionMask = 2147483647;
			files = (
				ACF2918B1DE5718C00D234DC /* ViewController.swift in Sources */,
				ACF291891DE5718C00D234DC /* AppDelegate.swift in Sources */,
			);
			runOnlyForDeploymentPostprocessing = 0;
		};
		ACF291951DE5718D00D234DC /* Sources */ = {
			isa = PBXSourcesBuildPhase;
			buildActionMask = 2147483647;
			files = (
				ACF2919E1DE5718D00D234DC /* SecondKadaiAppTests.swift in Sources */,
			);
			runOnlyForDeploymentPostprocessing = 0;
		};
		ACF291A01DE5718D00D234DC /* Sources */ = {
			isa = PBXSourcesBuildPhase;
			buildActionMask = 2147483647;
			files = (
				ACF291A91DE5718D00D234DC /* SecondKadaiAppUITests.swift in Sources */,
			);
			runOnlyForDeploymentPostprocessing = 0;
		};
/* End PBXSourcesBuildPhase section */

/* Begin PBXTargetDependency section */
		ACF2919B1DE5718D00D234DC /* PBXTargetDependency */ = {
			isa = PBXTargetDependency;
			target = ACF291841DE5718C00D234DC /* SecondKadaiApp */;
			targetProxy = ACF2919A1DE5718D00D234DC /* PBXContainerItemProxy */;
		};
		ACF291A61DE5718D00D234DC /* PBXTargetDependency */ = {
			isa = PBXTargetDependency;
			target = ACF291841DE5718C00D234DC /* SecondKadaiApp */;
			targetProxy = ACF291A51DE5718D00D234DC /* PBXContainerItemProxy */;
		};
/* End PBXTargetDependency section */

/* Begin PBXVariantGroup section */
		ACF2918C1DE5718C00D234DC /* Main.storyboard */ = {
			isa = PBXVariantGroup;
			children = (
				ACF2918D1DE5718C00D234DC /* Base */,
			);
			name = Main.storyboard;
			sourceTree = "<group>";
		};
		ACF291911DE5718C00D234DC /* LaunchScreen.storyboard */ = {
			isa = PBXVariantGroup;
			children = (
				ACF291921DE5718C00D234DC /* Base */,
			);
			name = LaunchScreen.storyboard;
			sourceTree = "<group>";
		};
/* End PBXVariantGroup section */

/* Begin XCBuildConfiguration section */
		ACF291AB1DE5718D00D234DC /* Debug */ = {
			isa = XCBuildConfiguration;
			buildSettings = {
				ALWAYS_SEARCH_USER_PATHS = NO;
				CLANG_ANALYZER_NONNULL = YES;
				CLANG_CXX_LANGUAGE_STANDARD = "gnu++0x";
				CLANG_CXX_LIBRARY = "libc++";
				CLANG_ENABLE_MODULES = YES;
				CLANG_ENABLE_OBJC_ARC = YES;
				CLANG_WARN_BOOL_CONVERSION = YES;
				CLANG_WARN_CONSTANT_CONVERSION = YES;
				CLANG_WARN_DIRECT_OBJC_ISA_USAGE = YES_ERROR;
				CLANG_WARN_DOCUMENTATION_COMMENTS = YES;
				CLANG_WARN_EMPTY_BODY = YES;
				CLANG_WARN_ENUM_CONVERSION = YES;
				CLANG_WARN_INFINITE_RECURSION = YES;
				CLANG_WARN_INT_CONVERSION = YES;
				CLANG_WARN_OBJC_ROOT_CLASS = YES_ERROR;
				CLANG_WARN_SUSPICIOUS_MOVES = YES;
				CLANG_WARN_UNREACHABLE_CODE = YES;
				CLANG_WARN__DUPLICATE_METHOD_MATCH = YES;
				"CODE_SIGN_IDENTITY[sdk=iphoneos*]" = "iPhone Developer";
				COPY_PHASE_STRIP = NO;
				DEBUG_INFORMATION_FORMAT = dwarf;
				ENABLE_STRICT_OBJC_MSGSEND = YES;
				ENABLE_TESTABILITY = YES;
				GCC_C_LANGUAGE_STANDARD = gnu99;
				GCC_DYNAMIC_NO_PIC = NO;
				GCC_NO_COMMON_BLOCKS = YES;
				GCC_OPTIMIZATION_LEVEL = 0;
				GCC_PREPROCESSOR_DEFINITIONS = (
					"DEBUG=1",
					"$(inherited)",
				);
				GCC_WARN_64_TO_32_BIT_CONVERSION = YES;
				GCC_WARN_ABOUT_RETURN_TYPE = YES_ERROR;
				GCC_WARN_UNDECLARED_SELECTOR = YES;
				GCC_WARN_UNINITIALIZED_AUTOS = YES_AGGRESSIVE;
				GCC_WARN_UNUSED_FUNCTION = YES;
				GCC_WARN_UNUSED_VARIABLE = YES;
				IPHONEOS_DEPLOYMENT_TARGET = 10.0;
				MTL_ENABLE_DEBUG_INFO = YES;
				ONLY_ACTIVE_ARCH = YES;
				SDKROOT = iphoneos;
				SWIFT_ACTIVE_COMPILATION_CONDITIONS = DEBUG;
				SWIFT_OPTIMIZATION_LEVEL = "-Onone";
			};
			name = Debug;
		};
		ACF291AC1DE5718D00D234DC /* Release */ = {
			isa = XCBuildConfiguration;
			buildSettings = {
				ALWAYS_SEARCH_USER_PATHS = NO;
				CLANG_ANALYZER_NONNULL = YES;
				CLANG_CXX_LANGUAGE_STANDARD = "gnu++0x";
				CLANG_CXX_LIBRARY = "libc++";
				CLANG_ENABLE_MODULES = YES;
				CLANG_ENABLE_OBJC_ARC = YES;
				CLANG_WARN_BOOL_CONVERSION = YES;
				CLANG_WARN_CONSTANT_CONVERSION = YES;
				CLANG_WARN_DIRECT_OBJC_ISA_USAGE = YES_ERROR;
				CLANG_WARN_DOCUMENTATION_COMMENTS = YES;
				CLANG_WARN_EMPTY_BODY = YES;
				CLANG_WARN_ENUM_CONVERSION = YES;
				CLANG_WARN_INFINITE_RECURSION = YES;
				CLANG_WARN_INT_CONVERSION = YES;
				CLANG_WARN_OBJC_ROOT_CLASS = YES_ERROR;
				CLANG_WARN_SUSPICIOUS_MOVES = YES;
				CLANG_WARN_UNREACHABLE_CODE = YES;
				CLANG_WARN__DUPLICATE_METHOD_MATCH = YES;
				"CODE_SIGN_IDENTITY[sdk=iphoneos*]" = "iPhone Developer";
				COPY_PHASE_STRIP = NO;
				DEBUG_INFORMATION_FORMAT = "dwarf-with-dsym";
				ENABLE_NS_ASSERTIONS = NO;
				ENABLE_STRICT_OBJC_MSGSEND = YES;
				GCC_C_LANGUAGE_STANDARD = gnu99;
				GCC_NO_COMMON_BLOCKS = YES;
				GCC_WARN_64_TO_32_BIT_CONVERSION = YES;
				GCC_WARN_ABOUT_RETURN_TYPE = YES_ERROR;
				GCC_WARN_UNDECLARED_SELECTOR = YES;
				GCC_WARN_UNINITIALIZED_AUTOS = YES_AGGRESSIVE;
				GCC_WARN_UNUSED_FUNCTION = YES;
				GCC_WARN_UNUSED_VARIABLE = YES;
				IPHONEOS_DEPLOYMENT_TARGET = 10.0;
				MTL_ENABLE_DEBUG_INFO = NO;
				SDKROOT = iphoneos;
				SWIFT_OPTIMIZATION_LEVEL = "-Owholemodule";
				VALIDATE_PRODUCT = YES;
			};
			name = Release;
		};
		ACF291AE1DE5718D00D234DC /* Debug */ = {
			isa = XCBuildConfiguration;
			buildSettings = {
				ASSETCATALOG_COMPILER_APPICON_NAME = AppIcon;
				INFOPLIST_FILE = SecondKadaiApp/Info.plist;
				LD_RUNPATH_SEARCH_PATHS = "$(inherited) @executable_path/Frameworks";
				PRODUCT_BUNDLE_IDENTIFIER = obi.SecondKadaiApp;
				PRODUCT_NAME = "$(TARGET_NAME)";
				SWIFT_VERSION = 3.0;
			};
			name = Debug;
		};
		ACF291AF1DE5718D00D234DC /* Release */ = {
			isa = XCBuildConfiguration;
			buildSettings = {
				ASSETCATALOG_COMPILER_APPICON_NAME = AppIcon;
				INFOPLIST_FILE = SecondKadaiApp/Info.plist;
				LD_RUNPATH_SEARCH_PATHS = "$(inherited) @executable_path/Frameworks";
				PRODUCT_BUNDLE_IDENTIFIER = obi.SecondKadaiApp;
				PRODUCT_NAME = "$(TARGET_NAME)";
				SWIFT_VERSION = 3.0;
			};
			name = Release;
		};
		ACF291B11DE5718D00D234DC /* Debug */ = {
			isa = XCBuildConfiguration;
			buildSettings = {
				ALWAYS_EMBED_SWIFT_STANDARD_LIBRARIES = YES;
				BUNDLE_LOADER = "$(TEST_HOST)";
				INFOPLIST_FILE = SecondKadaiAppTests/Info.plist;
				LD_RUNPATH_SEARCH_PATHS = "$(inherited) @executable_path/Frameworks @loader_path/Frameworks";
				PRODUCT_BUNDLE_IDENTIFIER = obi.SecondKadaiAppTests;
				PRODUCT_NAME = "$(TARGET_NAME)";
				SWIFT_VERSION = 3.0;
				TEST_HOST = "$(BUILT_PRODUCTS_DIR)/SecondKadaiApp.app/SecondKadaiApp";
			};
			name = Debug;
		};
		ACF291B21DE5718D00D234DC /* Release */ = {
			isa = XCBuildConfiguration;
			buildSettings = {
				ALWAYS_EMBED_SWIFT_STANDARD_LIBRARIES = YES;
				BUNDLE_LOADER = "$(TEST_HOST)";
				INFOPLIST_FILE = SecondKadaiAppTests/Info.plist;
				LD_RUNPATH_SEARCH_PATHS = "$(inherited) @executable_path/Frameworks @loader_path/Frameworks";
				PRODUCT_BUNDLE_IDENTIFIER = obi.SecondKadaiAppTests;
				PRODUCT_NAME = "$(TARGET_NAME)";
				SWIFT_VERSION = 3.0;
				TEST_HOST = "$(BUILT_PRODUCTS_DIR)/SecondKadaiApp.app/SecondKadaiApp";
			};
			name = Release;
		};
		ACF291B41DE5718D00D234DC /* Debug */ = {
			isa = XCBuildConfiguration;
			buildSettings = {
				ALWAYS_EMBED_SWIFT_STANDARD_LIBRARIES = YES;
				INFOPLIST_FILE = SecondKadaiAppUITests/Info.plist;
				LD_RUNPATH_SEARCH_PATHS = "$(inherited) @executable_path/Frameworks @loader_path/Frameworks";
				PRODUCT_BUNDLE_IDENTIFIER = obi.SecondKadaiAppUITests;
				PRODUCT_NAME = "$(TARGET_NAME)";
				SWIFT_VERSION = 3.0;
				TEST_TARGET_NAME = SecondKadaiApp;
			};
			name = Debug;
		};
		ACF291B51DE5718D00D234DC /* Release */ = {
			isa = XCBuildConfiguration;
			buildSettings = {
				ALWAYS_EMBED_SWIFT_STANDARD_LIBRARIES = YES;
				INFOPLIST_FILE = SecondKadaiAppUITests/Info.plist;
				LD_RUNPATH_SEARCH_PATHS = "$(inherited) @executable_path/Frameworks @loader_path/Frameworks";
				PRODUCT_BUNDLE_IDENTIFIER = obi.SecondKadaiAppUITests;
				PRODUCT_NAME = "$(TARGET_NAME)";
				SWIFT_VERSION = 3.0;
				TEST_TARGET_NAME = SecondKadaiApp;
			};
			name = Release;
		};
/* End XCBuildConfiguration section */

/* Begin XCConfigurationList section */
		ACF291801DE5718C00D234DC /* Build configuration list for PBXProject "SecondKadaiApp" */ = {
			isa = XCConfigurationList;
			buildConfigurations = (
				ACF291AB1DE5718D00D234DC /* Debug */,
				ACF291AC1DE5718D00D234DC /* Release */,
			);
			defaultConfigurationIsVisible = 0;
			defaultConfigurationName = Release;
		};
		ACF291AD1DE5718D00D234DC /* Build configuration list for PBXNativeTarget "SecondKadaiApp" */ = {
			isa = XCConfigurationList;
			buildConfigurations = (
				ACF291AE1DE5718D00D234DC /* Debug */,
				ACF291AF1DE5718D00D234DC /* Release */,
			);
			defaultConfigurationIsVisible = 0;
		};
		ACF291B01DE5718D00D234DC /* Build configuration list for PBXNativeTarget "SecondKadaiAppTests" */ = {
			isa = XCConfigurationList;
			buildConfigurations = (
				ACF291B11DE5718D00D234DC /* Debug */,
				ACF291B21DE5718D00D234DC /* Release */,
			);
			defaultConfigurationIsVisible = 0;
		};
		ACF291B31DE5718D00D234DC /* Build configuration list for PBXNativeTarget "SecondKadaiAppUITests" */ = {
			isa = XCConfigurationList;
			buildConfigurations = (
				ACF291B41DE5718D00D234DC /* Debug */,
				ACF291B51DE5718D00D234DC /* Release */,
			);
			defaultConfigurationIsVisible = 0;
		};
/* End XCConfigurationList section */
	};
	rootObject = ACF2917D1DE5718C00D234DC /* Project object */;
}
